
Microsoft Visual Studio Solution File, Format Version 12.00
# Visual Studio Version 17
VisualStudioVersion = 17.5.002.0
MinimumVisualStudioVersion = 10.0.40219.1
Project("{9A19103F-16F7-4668-BE54-9A1E7A4F7556}") = "Kalaria", "Kalaria.csproj", "{99398102-F343-46F0-B92C-CAD87F704978}"
EndProject
Global
	GlobalSection(SolutionConfigurationPlatforms) = preSolution
		Debug|Any CPU = Debug|Any CPU
		Release|Any CPU = Release|Any CPU
	EndGlobalSection
	GlobalSection(ProjectConfigurationPlatforms) = postSolution
		{99398102-F343-46F0-B92C-CAD87F704978}.Debug|Any CPU.ActiveCfg = Debug|Any CPU
		{99398102-F343-46F0-B92C-CAD87F704978}.Debug|Any CPU.Build.0 = Debug|Any CPU
		{99398102-F343-46F0-B92C-CAD87F704978}.Release|Any CPU.ActiveCfg = Release|Any CPU
		{99398102-F343-46F0-B92C-CAD87F704978}.Release|Any CPU.Build.0 = Release|Any CPU
	EndGlobalSection
	GlobalSection(SolutionProperties) = preSolution
		HideSolutionNode = FALSE
	EndGlobalSection
	GlobalSection(ExtensibilityGlobals) = postSolution
		SolutionGuid = {5FA69401-26E3-40B6-BE7B-168E531AFC45}
	EndGlobalSection
EndGlobal
