
Microsoft Visual Studio Solution File, Format Version 12.00
# Visual Studio Version 17
VisualStudioVersion = 17.8.34330.188
MinimumVisualStudioVersion = 10.0.40219.1
Project("{FAE04EC0-301F-11D3-BF4B-00C04F79EFBC}") = "Kalaria", "Kalaria\Kalaria.csproj", "{4361A1CA-E863-4EE2-8761-112309DDEE4A}"
EndProject
Global
	GlobalSection(SolutionConfigurationPlatforms) = preSolution
		Debug|Any CPU = Debug|Any CPU
		Release|Any CPU = Release|Any CPU
	EndGlobalSection
	GlobalSection(ProjectConfigurationPlatforms) = postSolution
		{4361A1CA-E863-4EE2-8761-112309DDEE4A}.Debug|Any CPU.ActiveCfg = Debug|Any CPU
		{4361A1CA-E863-4EE2-8761-112309DDEE4A}.Debug|Any CPU.Build.0 = Debug|Any CPU
		{4361A1CA-E863-4EE2-8761-112309DDEE4A}.Release|Any CPU.ActiveCfg = Release|Any CPU
		{4361A1CA-E863-4EE2-8761-112309DDEE4A}.Release|Any CPU.Build.0 = Release|Any CPU
	EndGlobalSection
	GlobalSection(SolutionProperties) = preSolution
		HideSolutionNode = FALSE
	EndGlobalSection
	GlobalSection(ExtensibilityGlobals) = postSolution
		SolutionGuid = {4EA89B79-C673-4B8C-AB9B-6A7DA953BDC4}
	EndGlobalSection
EndGlobal
